// !$*UTF8*$!
{
	archiveVersion = 1;
	classes = {
	};
	objectVersion = 56;
	objects = {

/* Begin PBXBuildFile section */
		F01EAEA82AB1873000FF3F2A /* Model.swift in Sources */ = {isa = PBXBuildFile; fileRef = F01EAEA72AB1873000FF3F2A /* Model.swift */; };
		F05708EA2A9E4420007521D1 /* AppDelegate.swift in Sources */ = {isa = PBXBuildFile; fileRef = F05708E92A9E4420007521D1 /* AppDelegate.swift */; };
		F05708EC2A9E4420007521D1 /* SceneDelegate.swift in Sources */ = {isa = PBXBuildFile; fileRef = F05708EB2A9E4420007521D1 /* SceneDelegate.swift */; };
		F05708EE2A9E4420007521D1 /* MainViewController.swift in Sources */ = {isa = PBXBuildFile; fileRef = F05708ED2A9E4420007521D1 /* MainViewController.swift */; };
		F05708F32A9E4421007521D1 /* Assets.xcassets in Resources */ = {isa = PBXBuildFile; fileRef = F05708F22A9E4421007521D1 /* Assets.xcassets */; };
		F05708F62A9E4421007521D1 /* LaunchScreen.storyboard in Resources */ = {isa = PBXBuildFile; fileRef = F05708F42A9E4421007521D1 /* LaunchScreen.storyboard */; };
		F072130D2AB451FB008AE364 /* RandomCatController.swift in Sources */ = {isa = PBXBuildFile; fileRef = F072130C2AB451FB008AE364 /* RandomCatController.swift */; };
		F0AA75302ABB00AA003CB303 /* ProfileDesignViewController.swift in Sources */ = {isa = PBXBuildFile; fileRef = F0AA752F2ABB00AA003CB303 /* ProfileDesignViewController.swift */; };
		F0DC9D262AB999CA00C6D5C0 /* DoneTableViewCell.swift in Sources */ = {isa = PBXBuildFile; fileRef = F0DC9D252AB999CA00C6D5C0 /* DoneTableViewCell.swift */; };
		F0DE74E92A9EFF6D00761DC1 /* tdlViewController.swift in Sources */ = {isa = PBXBuildFile; fileRef = F0DE74E82A9EFF6D00761DC1 /* tdlViewController.swift */; };
		F0DE74EB2A9EFF7F00761DC1 /* DoneViewController.swift in Sources */ = {isa = PBXBuildFile; fileRef = F0DE74EA2A9EFF7F00761DC1 /* DoneViewController.swift */; };
		F0DE74ED2A9F1F1000761DC1 /* tdlTableViewCell.swift in Sources */ = {isa = PBXBuildFile; fileRef = F0DE74EC2A9F1F1000761DC1 /* tdlTableViewCell.swift */; };
		F0DE74EF2A9F4CA900761DC1 /* AddViewController.swift in Sources */ = {isa = PBXBuildFile; fileRef = F0DE74EE2A9F4CA900761DC1 /* AddViewController.swift */; };
		F0E014222AB3052300C3F007 /* TodoManager.swift in Sources */ = {isa = PBXBuildFile; fileRef = F0E014212AB3052300C3F007 /* TodoManager.swift */; };
/* End PBXBuildFile section */

/* Begin PBXFileReference section */
		F01EAEA72AB1873000FF3F2A /* Model.swift */ = {isa = PBXFileReference; lastKnownFileType = sourcecode.swift; path = Model.swift; sourceTree = "<group>"; };
		F05708E62A9E4420007521D1 /* ToDo.app */ = {isa = PBXFileReference; explicitFileType = wrapper.application; includeInIndex = 0; path = ToDo.app; sourceTree = BUILT_PRODUCTS_DIR; };
		F05708E92A9E4420007521D1 /* AppDelegate.swift */ = {isa = PBXFileReference; lastKnownFileType = sourcecode.swift; path = AppDelegate.swift; sourceTree = "<group>"; };
		F05708EB2A9E4420007521D1 /* SceneDelegate.swift */ = {isa = PBXFileReference; lastKnownFileType = sourcecode.swift; path = SceneDelegate.swift; sourceTree = "<group>"; };
		F05708ED2A9E4420007521D1 /* MainViewController.swift */ = {isa = PBXFileReference; lastKnownFileType = sourcecode.swift; path = MainViewController.swift; sourceTree = "<group>"; };
		F05708F22A9E4421007521D1 /* Assets.xcassets */ = {isa = PBXFileReference; lastKnownFileType = folder.assetcatalog; path = Assets.xcassets; sourceTree = "<group>"; };
		F05708F52A9E4421007521D1 /* Base */ = {isa = PBXFileReference; lastKnownFileType = file.storyboard; name = Base; path = Base.lproj/LaunchScreen.storyboard; sourceTree = "<group>"; };
		F05708F72A9E4421007521D1 /* Info.plist */ = {isa = PBXFileReference; lastKnownFileType = text.plist.xml; path = Info.plist; sourceTree = "<group>"; };
		F072130C2AB451FB008AE364 /* RandomCatController.swift */ = {isa = PBXFileReference; lastKnownFileType = sourcecode.swift; path = RandomCatController.swift; sourceTree = "<group>"; };
		F0AA752F2ABB00AA003CB303 /* ProfileDesignViewController.swift */ = {isa = PBXFileReference; lastKnownFileType = sourcecode.swift; path = ProfileDesignViewController.swift; sourceTree = "<group>"; };
		F0DC9D252AB999CA00C6D5C0 /* DoneTableViewCell.swift */ = {isa = PBXFileReference; lastKnownFileType = sourcecode.swift; path = DoneTableViewCell.swift; sourceTree = "<group>"; };
		F0DE74E82A9EFF6D00761DC1 /* tdlViewController.swift */ = {isa = PBXFileReference; lastKnownFileType = sourcecode.swift; path = tdlViewController.swift; sourceTree = "<group>"; };
		F0DE74EA2A9EFF7F00761DC1 /* DoneViewController.swift */ = {isa = PBXFileReference; lastKnownFileType = sourcecode.swift; path = DoneViewController.swift; sourceTree = "<group>"; };
		F0DE74EC2A9F1F1000761DC1 /* tdlTableViewCell.swift */ = {isa = PBXFileReference; lastKnownFileType = sourcecode.swift; path = tdlTableViewCell.swift; sourceTree = "<group>"; };
		F0DE74EE2A9F4CA900761DC1 /* AddViewController.swift */ = {isa = PBXFileReference; lastKnownFileType = sourcecode.swift; path = AddViewController.swift; sourceTree = "<group>"; };
		F0E014212AB3052300C3F007 /* TodoManager.swift */ = {isa = PBXFileReference; lastKnownFileType = sourcecode.swift; path = TodoManager.swift; sourceTree = "<group>"; };
/* End PBXFileReference section */

/* Begin PBXFrameworksBuildPhase section */
		F05708E32A9E4420007521D1 /* Frameworks */ = {
			isa = PBXFrameworksBuildPhase;
			buildActionMask = 2147483647;
			files = (
			);
			runOnlyForDeploymentPostprocessing = 0;
		};
/* End PBXFrameworksBuildPhase section */

/* Begin PBXGroup section */
		F05708DD2A9E4420007521D1 = {
			isa = PBXGroup;
			children = (
				F05708E82A9E4420007521D1 /* ToDo */,
				F05708E72A9E4420007521D1 /* Products */,
			);
			sourceTree = "<group>";
		};
		F05708E72A9E4420007521D1 /* Products */ = {
			isa = PBXGroup;
			children = (
				F05708E62A9E4420007521D1 /* ToDo.app */,
			);
			name = Products;
			sourceTree = "<group>";
		};
		F05708E82A9E4420007521D1 /* ToDo */ = {
			isa = PBXGroup;
			children = (
				F0AA752A2ABAFD33003CB303 /* Model */,
				F089D12B2AA0964700D15751 /* VC */,
				F05708E92A9E4420007521D1 /* AppDelegate.swift */,
				F05708EB2A9E4420007521D1 /* SceneDelegate.swift */,
				F05708F22A9E4421007521D1 /* Assets.xcassets */,
				F05708F42A9E4421007521D1 /* LaunchScreen.storyboard */,
				F05708F72A9E4421007521D1 /* Info.plist */,
			);
			path = ToDo;
			sourceTree = "<group>";
		};
		F089D12B2AA0964700D15751 /* VC */ = {
			isa = PBXGroup;
			children = (
				F0AA752E2ABAFD99003CB303 /* RandomCat */,
				F0AA752D2ABAFD7D003CB303 /* Done */,
				F0AA752C2ABAFD6C003CB303 /* TodoList */,
				F0AA752B2ABAFD5B003CB303 /* Main */,
				F0AA752F2ABB00AA003CB303 /* ProfileDesignViewController.swift */,
			);
			path = VC;
			sourceTree = "<group>";
		};
		F0AA752A2ABAFD33003CB303 /* Model */ = {
			isa = PBXGroup;
			children = (
				F0E014212AB3052300C3F007 /* TodoManager.swift */,
				F01EAEA72AB1873000FF3F2A /* Model.swift */,
			);
			path = Model;
			sourceTree = "<group>";
		};
		F0AA752B2ABAFD5B003CB303 /* Main */ = {
			isa = PBXGroup;
			children = (
				F05708ED2A9E4420007521D1 /* MainViewController.swift */,
			);
			path = Main;
			sourceTree = "<group>";
		};
		F0AA752C2ABAFD6C003CB303 /* TodoList */ = {
			isa = PBXGroup;
			children = (
				F0DE74EE2A9F4CA900761DC1 /* AddViewController.swift */,
				F0DE74EC2A9F1F1000761DC1 /* tdlTableViewCell.swift */,
				F0DE74E82A9EFF6D00761DC1 /* tdlViewController.swift */,
			);
			path = TodoList;
			sourceTree = "<group>";
		};
		F0AA752D2ABAFD7D003CB303 /* Done */ = {
			isa = PBXGroup;
			children = (
				F0DC9D252AB999CA00C6D5C0 /* DoneTableViewCell.swift */,
				F0DE74EA2A9EFF7F00761DC1 /* DoneViewController.swift */,
			);
			path = Done;
			sourceTree = "<group>";
		};
		F0AA752E2ABAFD99003CB303 /* RandomCat */ = {
			isa = PBXGroup;
			children = (
				F072130C2AB451FB008AE364 /* RandomCatController.swift */,
			);
			path = RandomCat;
			sourceTree = "<group>";
		};
/* End PBXGroup section */

/* Begin PBXNativeTarget section */
		F05708E52A9E4420007521D1 /* ToDo */ = {
			isa = PBXNativeTarget;
			buildConfigurationList = F05708FA2A9E4421007521D1 /* Build configuration list for PBXNativeTarget "ToDo" */;
			buildPhases = (
				F05708E22A9E4420007521D1 /* Sources */,
				F05708E32A9E4420007521D1 /* Frameworks */,
				F05708E42A9E4420007521D1 /* Resources */,
			);
			buildRules = (
			);
			dependencies = (
			);
			name = ToDo;
			productName = ToDo;
			productReference = F05708E62A9E4420007521D1 /* ToDo.app */;
			productType = "com.apple.product-type.application";
		};
/* End PBXNativeTarget section */

/* Begin PBXProject section */
		F05708DE2A9E4420007521D1 /* Project object */ = {
			isa = PBXProject;
			attributes = {
				BuildIndependentTargetsInParallel = 1;
				LastSwiftUpdateCheck = 1430;
				LastUpgradeCheck = 1430;
				TargetAttributes = {
					F05708E52A9E4420007521D1 = {
						CreatedOnToolsVersion = 14.3.1;
					};
				};
			};
			buildConfigurationList = F05708E12A9E4420007521D1 /* Build configuration list for PBXProject "ToDo" */;
			compatibilityVersion = "Xcode 14.0";
			developmentRegion = en;
			hasScannedForEncodings = 0;
			knownRegions = (
				en,
				Base,
			);
			mainGroup = F05708DD2A9E4420007521D1;
			productRefGroup = F05708E72A9E4420007521D1 /* Products */;
			projectDirPath = "";
			projectRoot = "";
			targets = (
				F05708E52A9E4420007521D1 /* ToDo */,
			);
		};
/* End PBXProject section */

/* Begin PBXResourcesBuildPhase section */
		F05708E42A9E4420007521D1 /* Resources */ = {
			isa = PBXResourcesBuildPhase;
			buildActionMask = 2147483647;
			files = (
				F05708F62A9E4421007521D1 /* LaunchScreen.storyboard in Resources */,
				F05708F32A9E4421007521D1 /* Assets.xcassets in Resources */,
			);
			runOnlyForDeploymentPostprocessing = 0;
		};
/* End PBXResourcesBuildPhase section */

/* Begin PBXSourcesBuildPhase section */
		F05708E22A9E4420007521D1 /* Sources */ = {
			isa = PBXSourcesBuildPhase;
			buildActionMask = 2147483647;
			files = (
				F0DE74EB2A9EFF7F00761DC1 /* DoneViewController.swift in Sources */,
				F0DE74ED2A9F1F1000761DC1 /* tdlTableViewCell.swift in Sources */,
				F0AA75302ABB00AA003CB303 /* ProfileDesignViewController.swift in Sources */,
				F0DE74EF2A9F4CA900761DC1 /* AddViewController.swift in Sources */,
				F0DE74E92A9EFF6D00761DC1 /* tdlViewController.swift in Sources */,
				F05708EE2A9E4420007521D1 /* MainViewController.swift in Sources */,
				F072130D2AB451FB008AE364 /* RandomCatController.swift in Sources */,
				F0DC9D262AB999CA00C6D5C0 /* DoneTableViewCell.swift in Sources */,
				F05708EA2A9E4420007521D1 /* AppDelegate.swift in Sources */,
				F05708EC2A9E4420007521D1 /* SceneDelegate.swift in Sources */,
				F0E014222AB3052300C3F007 /* TodoManager.swift in Sources */,
				F01EAEA82AB1873000FF3F2A /* Model.swift in Sources */,
			);
			runOnlyForDeploymentPostprocessing = 0;
		};
/* End PBXSourcesBuildPhase section */

/* Begin PBXVariantGroup section */
		F05708F42A9E4421007521D1 /* LaunchScreen.storyboard */ = {
			isa = PBXVariantGroup;
			children = (
				F05708F52A9E4421007521D1 /* Base */,
			);
			name = LaunchScreen.storyboard;
			sourceTree = "<group>";
		};
/* End PBXVariantGroup section */

/* Begin XCBuildConfiguration section */
		F05708F82A9E4421007521D1 /* Debug */ = {
			isa = XCBuildConfiguration;
			buildSettings = {
				ALWAYS_SEARCH_USER_PATHS = NO;
				CLANG_ANALYZER_NONNULL = YES;
				CLANG_ANALYZER_NUMBER_OBJECT_CONVERSION = YES_AGGRESSIVE;
				CLANG_CXX_LANGUAGE_STANDARD = "gnu++20";
				CLANG_ENABLE_MODULES = YES;
				CLANG_ENABLE_OBJC_ARC = YES;
				CLANG_ENABLE_OBJC_WEAK = YES;
				CLANG_WARN_BLOCK_CAPTURE_AUTORELEASING = YES;
				CLANG_WARN_BOOL_CONVERSION = YES;
				CLANG_WARN_COMMA = YES;
				CLANG_WARN_CONSTANT_CONVERSION = YES;
				CLANG_WARN_DEPRECATED_OBJC_IMPLEMENTATIONS = YES;
				CLANG_WARN_DIRECT_OBJC_ISA_USAGE = YES_ERROR;
				CLANG_WARN_DOCUMENTATION_COMMENTS = YES;
				CLANG_WARN_EMPTY_BODY = YES;
				CLANG_WARN_ENUM_CONVERSION = YES;
				CLANG_WARN_INFINITE_RECURSION = YES;
				CLANG_WARN_INT_CONVERSION = YES;
				CLANG_WARN_NON_LITERAL_NULL_CONVERSION = YES;
				CLANG_WARN_OBJC_IMPLICIT_RETAIN_SELF = YES;
				CLANG_WARN_OBJC_LITERAL_CONVERSION = YES;
				CLANG_WARN_OBJC_ROOT_CLASS = YES_ERROR;
				CLANG_WARN_QUOTED_INCLUDE_IN_FRAMEWORK_HEADER = YES;
				CLANG_WARN_RANGE_LOOP_ANALYSIS = YES;
				CLANG_WARN_STRICT_PROTOTYPES = YES;
				CLANG_WARN_SUSPICIOUS_MOVE = YES;
				CLANG_WARN_UNGUARDED_AVAILABILITY = YES_AGGRESSIVE;
				CLANG_WARN_UNREACHABLE_CODE = YES;
				CLANG_WARN__DUPLICATE_METHOD_MATCH = YES;
				COPY_PHASE_STRIP = NO;
				DEBUG_INFORMATION_FORMAT = dwarf;
				ENABLE_STRICT_OBJC_MSGSEND = YES;
				ENABLE_TESTABILITY = YES;
				GCC_C_LANGUAGE_STANDARD = gnu11;
				GCC_DYNAMIC_NO_PIC = NO;
				GCC_NO_COMMON_BLOCKS = YES;
				GCC_OPTIMIZATION_LEVEL = 0;
				GCC_PREPROCESSOR_DEFINITIONS = (
					"DEBUG=1",
					"$(inherited)",
				);
				GCC_WARN_64_TO_32_BIT_CONVERSION = YES;
				GCC_WARN_ABOUT_RETURN_TYPE = YES_ERROR;
				GCC_WARN_UNDECLARED_SELECTOR = YES;
				GCC_WARN_UNINITIALIZED_AUTOS = YES_AGGRESSIVE;
				GCC_WARN_UNUSED_FUNCTION = YES;
				GCC_WARN_UNUSED_VARIABLE = YES;
				IPHONEOS_DEPLOYMENT_TARGET = 16.4;
				MTL_ENABLE_DEBUG_INFO = INCLUDE_SOURCE;
				MTL_FAST_MATH = YES;
				ONLY_ACTIVE_ARCH = YES;
				SDKROOT = iphoneos;
				SWIFT_ACTIVE_COMPILATION_CONDITIONS = DEBUG;
				SWIFT_OPTIMIZATION_LEVEL = "-Onone";
			};
			name = Debug;
		};
		F05708F92A9E4421007521D1 /* Release */ = {
			isa = XCBuildConfiguration;
			buildSettings = {
				ALWAYS_SEARCH_USER_PATHS = NO;
				CLANG_ANALYZER_NONNULL = YES;
				CLANG_ANALYZER_NUMBER_OBJECT_CONVERSION = YES_AGGRESSIVE;
				CLANG_CXX_LANGUAGE_STANDARD = "gnu++20";
				CLANG_ENABLE_MODULES = YES;
				CLANG_ENABLE_OBJC_ARC = YES;
				CLANG_ENABLE_OBJC_WEAK = YES;
				CLANG_WARN_BLOCK_CAPTURE_AUTORELEASING = YES;
				CLANG_WARN_BOOL_CONVERSION = YES;
				CLANG_WARN_COMMA = YES;
				CLANG_WARN_CONSTANT_CONVERSION = YES;
				CLANG_WARN_DEPRECATED_OBJC_IMPLEMENTATIONS = YES;
				CLANG_WARN_DIRECT_OBJC_ISA_USAGE = YES_ERROR;
				CLANG_WARN_DOCUMENTATION_COMMENTS = YES;
				CLANG_WARN_EMPTY_BODY = YES;
				CLANG_WARN_ENUM_CONVERSION = YES;
				CLANG_WARN_INFINITE_RECURSION = YES;
				CLANG_WARN_INT_CONVERSION = YES;
				CLANG_WARN_NON_LITERAL_NULL_CONVERSION = YES;
				CLANG_WARN_OBJC_IMPLICIT_RETAIN_SELF = YES;
				CLANG_WARN_OBJC_LITERAL_CONVERSION = YES;
				CLANG_WARN_OBJC_ROOT_CLASS = YES_ERROR;
				CLANG_WARN_QUOTED_INCLUDE_IN_FRAMEWORK_HEADER = YES;
				CLANG_WARN_RANGE_LOOP_ANALYSIS = YES;
				CLANG_WARN_STRICT_PROTOTYPES = YES;
				CLANG_WARN_SUSPICIOUS_MOVE = YES;
				CLANG_WARN_UNGUARDED_AVAILABILITY = YES_AGGRESSIVE;
				CLANG_WARN_UNREACHABLE_CODE = YES;
				CLANG_WARN__DUPLICATE_METHOD_MATCH = YES;
				COPY_PHASE_STRIP = NO;
				DEBUG_INFORMATION_FORMAT = "dwarf-with-dsym";
				ENABLE_NS_ASSERTIONS = NO;
				ENABLE_STRICT_OBJC_MSGSEND = YES;
				GCC_C_LANGUAGE_STANDARD = gnu11;
				GCC_NO_COMMON_BLOCKS = YES;
				GCC_WARN_64_TO_32_BIT_CONVERSION = YES;
				GCC_WARN_ABOUT_RETURN_TYPE = YES_ERROR;
				GCC_WARN_UNDECLARED_SELECTOR = YES;
				GCC_WARN_UNINITIALIZED_AUTOS = YES_AGGRESSIVE;
				GCC_WARN_UNUSED_FUNCTION = YES;
				GCC_WARN_UNUSED_VARIABLE = YES;
				IPHONEOS_DEPLOYMENT_TARGET = 16.4;
				MTL_ENABLE_DEBUG_INFO = NO;
				MTL_FAST_MATH = YES;
				SDKROOT = iphoneos;
				SWIFT_COMPILATION_MODE = wholemodule;
				SWIFT_OPTIMIZATION_LEVEL = "-O";
				VALIDATE_PRODUCT = YES;
			};
			name = Release;
		};
		F05708FB2A9E4421007521D1 /* Debug */ = {
			isa = XCBuildConfiguration;
			buildSettings = {
				ASSETCATALOG_COMPILER_APPICON_NAME = AppIcon;
				ASSETCATALOG_COMPILER_GLOBAL_ACCENT_COLOR_NAME = AccentColor;
				CODE_SIGN_STYLE = Automatic;
				CURRENT_PROJECT_VERSION = 1;
				GENERATE_INFOPLIST_FILE = YES;
				INFOPLIST_FILE = ToDo/Info.plist;
				INFOPLIST_KEY_UIApplicationSupportsIndirectInputEvents = YES;
				INFOPLIST_KEY_UILaunchStoryboardName = LaunchScreen;
				INFOPLIST_KEY_UIMainStoryboardFile = "";
				INFOPLIST_KEY_UISupportedInterfaceOrientations_iPad = "UIInterfaceOrientationPortrait UIInterfaceOrientationPortraitUpsideDown UIInterfaceOrientationLandscapeLeft UIInterfaceOrientationLandscapeRight";
				INFOPLIST_KEY_UISupportedInterfaceOrientations_iPhone = "UIInterfaceOrientationPortrait UIInterfaceOrientationLandscapeLeft UIInterfaceOrientationLandscapeRight";
				LD_RUNPATH_SEARCH_PATHS = (
					"$(inherited)",
					"@executable_path/Frameworks",
				);
				MARKETING_VERSION = 1.0;
				PRODUCT_BUNDLE_IDENTIFIER = hyunwoo.ToDo;
				PRODUCT_NAME = "$(TARGET_NAME)";
				SWIFT_EMIT_LOC_STRINGS = YES;
				SWIFT_VERSION = 5.0;
				TARGETED_DEVICE_FAMILY = "1,2";
			};
			name = Debug;
		};
		F05708FC2A9E4421007521D1 /* Release */ = {
			isa = XCBuildConfiguration;
			buildSettings = {
				ASSETCATALOG_COMPILER_APPICON_NAME = AppIcon;
				ASSETCATALOG_COMPILER_GLOBAL_ACCENT_COLOR_NAME = AccentColor;
				CODE_SIGN_STYLE = Automatic;
				CURRENT_PROJECT_VERSION = 1;
				GENERATE_INFOPLIST_FILE = YES;
				INFOPLIST_FILE = ToDo/Info.plist;
				INFOPLIST_KEY_UIApplicationSupportsIndirectInputEvents = YES;
				INFOPLIST_KEY_UILaunchStoryboardName = LaunchScreen;
				INFOPLIST_KEY_UIMainStoryboardFile = "";
				INFOPLIST_KEY_UISupportedInterfaceOrientations_iPad = "UIInterfaceOrientationPortrait UIInterfaceOrientationPortraitUpsideDown UIInterfaceOrientationLandscapeLeft UIInterfaceOrientationLandscapeRight";
				INFOPLIST_KEY_UISupportedInterfaceOrientations_iPhone = "UIInterfaceOrientationPortrait UIInterfaceOrientationLandscapeLeft UIInterfaceOrientationLandscapeRight";
				LD_RUNPATH_SEARCH_PATHS = (
					"$(inherited)",
					"@executable_path/Frameworks",
				);
				MARKETING_VERSION = 1.0;
				PRODUCT_BUNDLE_IDENTIFIER = hyunwoo.ToDo;
				PRODUCT_NAME = "$(TARGET_NAME)";
				SWIFT_EMIT_LOC_STRINGS = YES;
				SWIFT_VERSION = 5.0;
				TARGETED_DEVICE_FAMILY = "1,2";
			};
			name = Release;
		};
/* End XCBuildConfiguration section */

/* Begin XCConfigurationList section */
		F05708E12A9E4420007521D1 /* Build configuration list for PBXProject "ToDo" */ = {
			isa = XCConfigurationList;
			buildConfigurations = (
				F05708F82A9E4421007521D1 /* Debug */,
				F05708F92A9E4421007521D1 /* Release */,
			);
			defaultConfigurationIsVisible = 0;
			defaultConfigurationName = Release;
		};
		F05708FA2A9E4421007521D1 /* Build configuration list for PBXNativeTarget "ToDo" */ = {
			isa = XCConfigurationList;
			buildConfigurations = (
				F05708FB2A9E4421007521D1 /* Debug */,
				F05708FC2A9E4421007521D1 /* Release */,
			);
			defaultConfigurationIsVisible = 0;
			defaultConfigurationName = Release;
		};
/* End XCConfigurationList section */
	};
	rootObject = F05708DE2A9E4420007521D1 /* Project object */;
}
